
Microsoft Visual Studio Solution File, Format Version 12.00
# Visual Studio Version 16
VisualStudioVersion = 16.0.31624.102
MinimumVisualStudioVersion = 10.0.40219.1
Project("{FAE04EC0-301F-11D3-BF4B-00C04F79EFBC}") = "HN212526_DESAFIO2_CLAVE1", "HN212526_DESAFIO2_CLAVE1\HN212526_DESAFIO2_CLAVE1.csproj", "{A625F55F-B002-42D3-A726-9C493BC08CED}"
EndProject
Global
	GlobalSection(SolutionConfigurationPlatforms) = preSolution
		Debug|Any CPU = Debug|Any CPU
		Release|Any CPU = Release|Any CPU
	EndGlobalSection
	GlobalSection(ProjectConfigurationPlatforms) = postSolution
		{A625F55F-B002-42D3-A726-9C493BC08CED}.Debug|Any CPU.ActiveCfg = Debug|Any CPU
		{A625F55F-B002-42D3-A726-9C493BC08CED}.Debug|Any CPU.Build.0 = Debug|Any CPU
		{A625F55F-B002-42D3-A726-9C493BC08CED}.Release|Any CPU.ActiveCfg = Release|Any CPU
		{A625F55F-B002-42D3-A726-9C493BC08CED}.Release|Any CPU.Build.0 = Release|Any CPU
	EndGlobalSection
	GlobalSection(SolutionProperties) = preSolution
		HideSolutionNode = FALSE
	EndGlobalSection
	GlobalSection(ExtensibilityGlobals) = postSolution
		SolutionGuid = {BAB5AD10-33C4-4445-A9C2-F121E5838EC3}
	EndGlobalSection
EndGlobal
